
Microsoft Visual Studio Solution File, Format Version 12.00
# Visual Studio Version 16
VisualStudioVersion = 16.0.32228.343
MinimumVisualStudioVersion = 10.0.40219.1
Project("{FAE04EC0-301F-11D3-BF4B-00C04F79EFBC}") = "ContosoUniversity", "ContosoUniversity\ContosoUniversity.csproj", "{8F134E60-7B0F-4C8A-A556-50A7AF9C6E2A}"
EndProject
Global
	GlobalSection(SolutionConfigurationPlatforms) = preSolution
		Debug|Any CPU = Debug|Any CPU
		Release|Any CPU = Release|Any CPU
	EndGlobalSection
	GlobalSection(ProjectConfigurationPlatforms) = postSolution
		{8F134E60-7B0F-4C8A-A556-50A7AF9C6E2A}.Debug|Any CPU.ActiveCfg = Debug|Any CPU
		{8F134E60-7B0F-4C8A-A556-50A7AF9C6E2A}.Debug|Any CPU.Build.0 = Debug|Any CPU
		{8F134E60-7B0F-4C8A-A556-50A7AF9C6E2A}.Release|Any CPU.ActiveCfg = Release|Any CPU
		{8F134E60-7B0F-4C8A-A556-50A7AF9C6E2A}.Release|Any CPU.Build.0 = Release|Any CPU
	EndGlobalSection
	GlobalSection(SolutionProperties) = preSolution
		HideSolutionNode = FALSE
	EndGlobalSection
	GlobalSection(ExtensibilityGlobals) = postSolution
		SolutionGuid = {F1EDCF3A-E6DC-452F-8300-BAF4F46C310F}
	EndGlobalSection
EndGlobal
